
Microsoft Visual Studio Solution File, Format Version 12.00
# Visual Studio Version 17
VisualStudioVersion = 17.9.34607.119
MinimumVisualStudioVersion = 10.0.40219.1
Project("{9A19103F-16F7-4668-BE54-9A1E7A4F7556}") = "ShuntingYardCalculatorTests", "ShuntingYardCalculatorTests\ShuntingYardCalculatorTests.csproj", "{76B5AE46-894E-45FE-84B4-E2C8F6EFAD1E}"
EndProject
Project("{9A19103F-16F7-4668-BE54-9A1E7A4F7556}") = "ShuntingYardCalculator", "ShuntingYardCalculator\ShuntingYardCalculator.csproj", "{565CF426-607C-430B-9C60-176F57B62D71}"
EndProject
Global
	GlobalSection(SolutionConfigurationPlatforms) = preSolution
		Debug|Any CPU = Debug|Any CPU
		Release|Any CPU = Release|Any CPU
	EndGlobalSection
	GlobalSection(ProjectConfigurationPlatforms) = postSolution
		{76B5AE46-894E-45FE-84B4-E2C8F6EFAD1E}.Debug|Any CPU.ActiveCfg = Debug|Any CPU
		{76B5AE46-894E-45FE-84B4-E2C8F6EFAD1E}.Debug|Any CPU.Build.0 = Debug|Any CPU
		{76B5AE46-894E-45FE-84B4-E2C8F6EFAD1E}.Release|Any CPU.ActiveCfg = Release|Any CPU
		{76B5AE46-894E-45FE-84B4-E2C8F6EFAD1E}.Release|Any CPU.Build.0 = Release|Any CPU
		{565CF426-607C-430B-9C60-176F57B62D71}.Debug|Any CPU.ActiveCfg = Debug|Any CPU
		{565CF426-607C-430B-9C60-176F57B62D71}.Debug|Any CPU.Build.0 = Debug|Any CPU
		{565CF426-607C-430B-9C60-176F57B62D71}.Release|Any CPU.ActiveCfg = Release|Any CPU
		{565CF426-607C-430B-9C60-176F57B62D71}.Release|Any CPU.Build.0 = Release|Any CPU
	EndGlobalSection
	GlobalSection(SolutionProperties) = preSolution
		HideSolutionNode = FALSE
	EndGlobalSection
	GlobalSection(ExtensibilityGlobals) = postSolution
		SolutionGuid = {4DB9A7B2-0866-4CE1-AB7E-D844B7813715}
	EndGlobalSection
EndGlobal
